PODS:
  - ActionKit (2.3.2)
  - FlaneurImagePicker (0.7.0-beta):
    - ActionKit (~> 2.1)
    - IGListKit (~> 3.0)
    - Kingfisher (~> 4.0)
  - IGListKit (3.2.0):
    - IGListKit/Default (= 3.2.0)
  - IGListKit/Default (3.2.0):
    - IGListKit/Diffing
  - IGListKit/Diffing (3.2.0)
  - Kingfisher (4.6.2)
  - Nimble (7.0.3)
  - Quick (1.2.0)

DEPENDENCIES:
  - FlaneurImagePicker (from `../`)
  - Nimble (~> 7.0)
  - Quick (~> 1.2)

EXTERNAL SOURCES:
  FlaneurImagePicker:
    :path: ../

SPEC CHECKSUMS:
  ActionKit: cf7ca5781f4a43342384d872105fadd58985f416
  FlaneurImagePicker: 875e4809ecb20f161a937d8550072bf73275ae2e
  IGListKit: ffe6f98a728ab0250aceea22e7957aa5477c5048
  Kingfisher: 55b9c395bf8d3949676ad3861111923990ab68cf
  Nimble: 7f5a9c447a33002645a071bddafbfb24ea70e0ac
  Quick: 58d203b1c5e27fff7229c4c1ae445ad7069a7a08

PODFILE CHECKSUM: 86df002a15c64144ec5e67c146afbe58cbb06376

COCOAPODS: 1.4.0
